
Microsoft Visual Studio Solution File, Format Version 12.00
# Visual Studio Version 16
VisualStudioVersion = 16.0.32126.315
MinimumVisualStudioVersion = 10.0.40219.1
Project("{FAE04EC0-301F-11D3-BF4B-00C04F79EFBC}") = "FinalProject", "FinalProject.csproj", "{B02EEA58-1AD4-486A-BA82-D674746809B2}"
EndProject
Global
	GlobalSection(SolutionConfigurationPlatforms) = preSolution
		Debug|Any CPU = Debug|Any CPU
		Release|Any CPU = Release|Any CPU
	EndGlobalSection
	GlobalSection(ProjectConfigurationPlatforms) = postSolution
		{B02EEA58-1AD4-486A-BA82-D674746809B2}.Debug|Any CPU.ActiveCfg = Debug|Any CPU
		{B02EEA58-1AD4-486A-BA82-D674746809B2}.Debug|Any CPU.Build.0 = Debug|Any CPU
		{B02EEA58-1AD4-486A-BA82-D674746809B2}.Release|Any CPU.ActiveCfg = Release|Any CPU
		{B02EEA58-1AD4-486A-BA82-D674746809B2}.Release|Any CPU.Build.0 = Release|Any CPU
	EndGlobalSection
	GlobalSection(SolutionProperties) = preSolution
		HideSolutionNode = FALSE
	EndGlobalSection
	GlobalSection(ExtensibilityGlobals) = postSolution
		SolutionGuid = {35D002AB-1A63-4CA9-A2A1-80019E604550}
	EndGlobalSection
EndGlobal
